// !$*UTF8*$!
{
	archiveVersion = 1;
	classes = {
	};
	objectVersion = 51;
	objects = {

/* Begin PBXBuildFile section */
		02B5133E247B3BB000FD2087 /* GoogleService-Info.plist in Resources */ = {isa = PBXBuildFile; fileRef = 02B5133D247B3BB000FD2087 /* GoogleService-Info.plist */; };
		02B51340247C911600FD2087 /* AuthService.swift in Sources */ = {isa = PBXBuildFile; fileRef = 02B5133F247C911600FD2087 /* AuthService.swift */; };
		02DCEEF6247E490500AF1876 /* Post.swift in Sources */ = {isa = PBXBuildFile; fileRef = 02DCEEF5247E490500AF1876 /* Post.swift */; };
		02F94D8A247A649000887DAD /* AppDelegate.swift in Sources */ = {isa = PBXBuildFile; fileRef = 02F94D89247A649000887DAD /* AppDelegate.swift */; };
		02F94D8C247A649000887DAD /* SceneDelegate.swift in Sources */ = {isa = PBXBuildFile; fileRef = 02F94D8B247A649000887DAD /* SceneDelegate.swift */; };
		02F94D8E247A649000887DAD /* SignInViewController.swift in Sources */ = {isa = PBXBuildFile; fileRef = 02F94D8D247A649000887DAD /* SignInViewController.swift */; };
		02F94D91247A649000887DAD /* Main.storyboard in Resources */ = {isa = PBXBuildFile; fileRef = 02F94D8F247A649000887DAD /* Main.storyboard */; };
		02F94D93247A649400887DAD /* Assets.xcassets in Resources */ = {isa = PBXBuildFile; fileRef = 02F94D92247A649400887DAD /* Assets.xcassets */; };
		02F94D96247A649400887DAD /* LaunchScreen.storyboard in Resources */ = {isa = PBXBuildFile; fileRef = 02F94D94247A649400887DAD /* LaunchScreen.storyboard */; };
		02F94D9E247A780400887DAD /* Extensions.swift in Sources */ = {isa = PBXBuildFile; fileRef = 02F94D9D247A780400887DAD /* Extensions.swift */; };
		02F94DA0247A798C00887DAD /* FontsFree-Net-Billabong.ttf in Resources */ = {isa = PBXBuildFile; fileRef = 02F94D9F247A798B00887DAD /* FontsFree-Net-Billabong.ttf */; };
		02F94DA3247A8B4D00887DAD /* SignUpViewController.swift in Sources */ = {isa = PBXBuildFile; fileRef = 02F94DA2247A8B4D00887DAD /* SignUpViewController.swift */; };
		02F94DA5247AAF5300887DAD /* HomeViewController.swift in Sources */ = {isa = PBXBuildFile; fileRef = 02F94DA4247AAF5300887DAD /* HomeViewController.swift */; };
		02F94DA7247AAF6300887DAD /* DiscoverViewController.swift in Sources */ = {isa = PBXBuildFile; fileRef = 02F94DA6247AAF6300887DAD /* DiscoverViewController.swift */; };
		02F94DA9247AAF6F00887DAD /* CameraViewController.swift in Sources */ = {isa = PBXBuildFile; fileRef = 02F94DA8247AAF6F00887DAD /* CameraViewController.swift */; };
		02F94DAB247AAF7A00887DAD /* ActivityViewController.swift in Sources */ = {isa = PBXBuildFile; fileRef = 02F94DAA247AAF7A00887DAD /* ActivityViewController.swift */; };
		02F94DAD247AAF8400887DAD /* ProfileViewController.swift in Sources */ = {isa = PBXBuildFile; fileRef = 02F94DAC247AAF8400887DAD /* ProfileViewController.swift */; };
		CC6452C9056AA000ED59B83E /* Pods_Swiftagram.framework in Frameworks */ = {isa = PBXBuildFile; fileRef = 83B2B2BFBD1BE090015B2FC9 /* Pods_Swiftagram.framework */; };
/* End PBXBuildFile section */

/* Begin PBXFileReference section */
		02B5133D247B3BB000FD2087 /* GoogleService-Info.plist */ = {isa = PBXFileReference; fileEncoding = 4; lastKnownFileType = text.plist.xml; path = "GoogleService-Info.plist"; sourceTree = "<group>"; };
		02B5133F247C911600FD2087 /* AuthService.swift */ = {isa = PBXFileReference; lastKnownFileType = sourcecode.swift; path = AuthService.swift; sourceTree = "<group>"; };
		02DCEEF5247E490500AF1876 /* Post.swift */ = {isa = PBXFileReference; lastKnownFileType = sourcecode.swift; path = Post.swift; sourceTree = "<group>"; };
		02F94D86247A649000887DAD /* Swiftagram.app */ = {isa = PBXFileReference; explicitFileType = wrapper.application; includeInIndex = 0; path = Swiftagram.app; sourceTree = BUILT_PRODUCTS_DIR; };
		02F94D89247A649000887DAD /* AppDelegate.swift */ = {isa = PBXFileReference; lastKnownFileType = sourcecode.swift; path = AppDelegate.swift; sourceTree = "<group>"; };
		02F94D8B247A649000887DAD /* SceneDelegate.swift */ = {isa = PBXFileReference; lastKnownFileType = sourcecode.swift; path = SceneDelegate.swift; sourceTree = "<group>"; };
		02F94D8D247A649000887DAD /* SignInViewController.swift */ = {isa = PBXFileReference; lastKnownFileType = sourcecode.swift; path = SignInViewController.swift; sourceTree = "<group>"; };
		02F94D90247A649000887DAD /* Base */ = {isa = PBXFileReference; lastKnownFileType = file.storyboard; name = Base; path = Base.lproj/Main.storyboard; sourceTree = "<group>"; };
		02F94D92247A649400887DAD /* Assets.xcassets */ = {isa = PBXFileReference; lastKnownFileType = folder.assetcatalog; path = Assets.xcassets; sourceTree = "<group>"; };
		02F94D95247A649400887DAD /* Base */ = {isa = PBXFileReference; lastKnownFileType = file.storyboard; name = Base; path = Base.lproj/LaunchScreen.storyboard; sourceTree = "<group>"; };
		02F94D97247A649400887DAD /* Info.plist */ = {isa = PBXFileReference; lastKnownFileType = text.plist.xml; path = Info.plist; sourceTree = "<group>"; };
		02F94D9D247A780400887DAD /* Extensions.swift */ = {isa = PBXFileReference; lastKnownFileType = sourcecode.swift; path = Extensions.swift; sourceTree = "<group>"; };
		02F94D9F247A798B00887DAD /* FontsFree-Net-Billabong.ttf */ = {isa = PBXFileReference; lastKnownFileType = file; path = "FontsFree-Net-Billabong.ttf"; sourceTree = "<group>"; };
		02F94DA2247A8B4D00887DAD /* SignUpViewController.swift */ = {isa = PBXFileReference; lastKnownFileType = sourcecode.swift; path = SignUpViewController.swift; sourceTree = "<group>"; };
		02F94DA4247AAF5300887DAD /* HomeViewController.swift */ = {isa = PBXFileReference; lastKnownFileType = sourcecode.swift; path = HomeViewController.swift; sourceTree = "<group>"; };
		02F94DA6247AAF6300887DAD /* DiscoverViewController.swift */ = {isa = PBXFileReference; lastKnownFileType = sourcecode.swift; path = DiscoverViewController.swift; sourceTree = "<group>"; };
		02F94DA8247AAF6F00887DAD /* CameraViewController.swift */ = {isa = PBXFileReference; lastKnownFileType = sourcecode.swift; path = CameraViewController.swift; sourceTree = "<group>"; };
		02F94DAA247AAF7A00887DAD /* ActivityViewController.swift */ = {isa = PBXFileReference; lastKnownFileType = sourcecode.swift; path = ActivityViewController.swift; sourceTree = "<group>"; };
		02F94DAC247AAF8400887DAD /* ProfileViewController.swift */ = {isa = PBXFileReference; lastKnownFileType = sourcecode.swift; path = ProfileViewController.swift; sourceTree = "<group>"; };
		19125ED6727BCC551F2EE657 /* Pods-Swiftagram.debug.xcconfig */ = {isa = PBXFileReference; includeInIndex = 1; lastKnownFileType = text.xcconfig; name = "Pods-Swiftagram.debug.xcconfig"; path = "Target Support Files/Pods-Swiftagram/Pods-Swiftagram.debug.xcconfig"; sourceTree = "<group>"; };
		83B2B2BFBD1BE090015B2FC9 /* Pods_Swiftagram.framework */ = {isa = PBXFileReference; explicitFileType = wrapper.framework; includeInIndex = 0; path = Pods_Swiftagram.framework; sourceTree = BUILT_PRODUCTS_DIR; };
		B35ABEC76131FCEE68BC62CC /* Pods-Swiftagram.release.xcconfig */ = {isa = PBXFileReference; includeInIndex = 1; lastKnownFileType = text.xcconfig; name = "Pods-Swiftagram.release.xcconfig"; path = "Target Support Files/Pods-Swiftagram/Pods-Swiftagram.release.xcconfig"; sourceTree = "<group>"; };
/* End PBXFileReference section */

/* Begin PBXFrameworksBuildPhase section */
		02F94D83247A649000887DAD /* Frameworks */ = {
			isa = PBXFrameworksBuildPhase;
			buildActionMask = 2147483647;
			files = (
				CC6452C9056AA000ED59B83E /* Pods_Swiftagram.framework in Frameworks */,
			);
			runOnlyForDeploymentPostprocessing = 0;
		};
/* End PBXFrameworksBuildPhase section */

/* Begin PBXGroup section */
		02F94D7D247A649000887DAD = {
			isa = PBXGroup;
			children = (
				02F94DA1247A799100887DAD /* Fonts */,
				02F94D88247A649000887DAD /* Swiftagram */,
				02F94D87247A649000887DAD /* Products */,
				643B9B919EA17175FA341B1D /* Pods */,
				6E5009447A5078BB4B97CC91 /* Frameworks */,
			);
			sourceTree = "<group>";
		};
		02F94D87247A649000887DAD /* Products */ = {
			isa = PBXGroup;
			children = (
				02F94D86247A649000887DAD /* Swiftagram.app */,
			);
			name = Products;
			sourceTree = "<group>";
		};
		02F94D88247A649000887DAD /* Swiftagram */ = {
			isa = PBXGroup;
			children = (
				02F94D89247A649000887DAD /* AppDelegate.swift */,
				02F94D8B247A649000887DAD /* SceneDelegate.swift */,
				02F94D94247A649400887DAD /* LaunchScreen.storyboard */,
				02F94D8F247A649000887DAD /* Main.storyboard */,
				02B5133F247C911600FD2087 /* AuthService.swift */,
				02F94D8D247A649000887DAD /* SignInViewController.swift */,
				02F94DA2247A8B4D00887DAD /* SignUpViewController.swift */,
				02DCEEF5247E490500AF1876 /* Post.swift */,
				02F94DA4247AAF5300887DAD /* HomeViewController.swift */,
				02F94DA6247AAF6300887DAD /* DiscoverViewController.swift */,
				02F94DA8247AAF6F00887DAD /* CameraViewController.swift */,
				02F94DAA247AAF7A00887DAD /* ActivityViewController.swift */,
				02F94DAC247AAF8400887DAD /* ProfileViewController.swift */,
				02F94D9D247A780400887DAD /* Extensions.swift */,
				02F94D92247A649400887DAD /* Assets.xcassets */,
				02F94D97247A649400887DAD /* Info.plist */,
				02B5133D247B3BB000FD2087 /* GoogleService-Info.plist */,
			);
			path = Swiftagram;
			sourceTree = "<group>";
		};
		02F94DA1247A799100887DAD /* Fonts */ = {
			isa = PBXGroup;
			children = (
				02F94D9F247A798B00887DAD /* FontsFree-Net-Billabong.ttf */,
			);
			path = Fonts;
			sourceTree = "<group>";
		};
		643B9B919EA17175FA341B1D /* Pods */ = {
			isa = PBXGroup;
			children = (
				19125ED6727BCC551F2EE657 /* Pods-Swiftagram.debug.xcconfig */,
				B35ABEC76131FCEE68BC62CC /* Pods-Swiftagram.release.xcconfig */,
			);
			path = Pods;
			sourceTree = "<group>";
		};
		6E5009447A5078BB4B97CC91 /* Frameworks */ = {
			isa = PBXGroup;
			children = (
				83B2B2BFBD1BE090015B2FC9 /* Pods_Swiftagram.framework */,
			);
			name = Frameworks;
			sourceTree = "<group>";
		};
/* End PBXGroup section */

/* Begin PBXNativeTarget section */
		02F94D85247A649000887DAD /* Swiftagram */ = {
			isa = PBXNativeTarget;
			buildConfigurationList = 02F94D9A247A649400887DAD /* Build configuration list for PBXNativeTarget "Swiftagram" */;
			buildPhases = (
				ECD35DC85193BBE0450B877D /* [CP] Check Pods Manifest.lock */,
				02F94D82247A649000887DAD /* Sources */,
				02F94D83247A649000887DAD /* Frameworks */,
				02F94D84247A649000887DAD /* Resources */,
				B38839882ACEEB4A61BF39D7 /* [CP] Embed Pods Frameworks */,
			);
			buildRules = (
			);
			dependencies = (
			);
			name = Swiftagram;
			productName = Swiftagram;
			productReference = 02F94D86247A649000887DAD /* Swiftagram.app */;
			productType = "com.apple.product-type.application";
		};
/* End PBXNativeTarget section */

/* Begin PBXProject section */
		02F94D7E247A649000887DAD /* Project object */ = {
			isa = PBXProject;
			attributes = {
				LastSwiftUpdateCheck = 1150;
				LastUpgradeCheck = 1150;
				ORGANIZATIONNAME = "Likhit Garimella";
				TargetAttributes = {
					02F94D85247A649000887DAD = {
						CreatedOnToolsVersion = 11.5;
						LastSwiftMigration = 1150;
					};
				};
			};
			buildConfigurationList = 02F94D81247A649000887DAD /* Build configuration list for PBXProject "Swiftagram" */;
			compatibilityVersion = "Xcode 9.3";
			developmentRegion = en;
			hasScannedForEncodings = 0;
			knownRegions = (
				en,
				Base,
			);
			mainGroup = 02F94D7D247A649000887DAD;
			productRefGroup = 02F94D87247A649000887DAD /* Products */;
			projectDirPath = "";
			projectRoot = "";
			targets = (
				02F94D85247A649000887DAD /* Swiftagram */,
			);
		};
/* End PBXProject section */

/* Begin PBXResourcesBuildPhase section */
		02F94D84247A649000887DAD /* Resources */ = {
			isa = PBXResourcesBuildPhase;
			buildActionMask = 2147483647;
			files = (
				02B5133E247B3BB000FD2087 /* GoogleService-Info.plist in Resources */,
				02F94D96247A649400887DAD /* LaunchScreen.storyboard in Resources */,
				02F94D93247A649400887DAD /* Assets.xcassets in Resources */,
				02F94DA0247A798C00887DAD /* FontsFree-Net-Billabong.ttf in Resources */,
				02F94D91247A649000887DAD /* Main.storyboard in Resources */,
			);
			runOnlyForDeploymentPostprocessing = 0;
		};
/* End PBXResourcesBuildPhase section */

/* Begin PBXShellScriptBuildPhase section */
		B38839882ACEEB4A61BF39D7 /* [CP] Embed Pods Frameworks */ = {
			isa = PBXShellScriptBuildPhase;
			buildActionMask = 2147483647;
			files = (
			);
			inputFileListPaths = (
				"${PODS_ROOT}/Target Support Files/Pods-Swiftagram/Pods-Swiftagram-frameworks-${CONFIGURATION}-input-files.xcfilelist",
			);
			name = "[CP] Embed Pods Frameworks";
			outputFileListPaths = (
				"${PODS_ROOT}/Target Support Files/Pods-Swiftagram/Pods-Swiftagram-frameworks-${CONFIGURATION}-output-files.xcfilelist",
			);
			runOnlyForDeploymentPostprocessing = 0;
			shellPath = /bin/sh;
			shellScript = "\"${PODS_ROOT}/Target Support Files/Pods-Swiftagram/Pods-Swiftagram-frameworks.sh\"\n";
			showEnvVarsInLog = 0;
		};
		ECD35DC85193BBE0450B877D /* [CP] Check Pods Manifest.lock */ = {
			isa = PBXShellScriptBuildPhase;
			buildActionMask = 2147483647;
			files = (
			);
			inputFileListPaths = (
			);
			inputPaths = (
				"${PODS_PODFILE_DIR_PATH}/Podfile.lock",
				"${PODS_ROOT}/Manifest.lock",
			);
			name = "[CP] Check Pods Manifest.lock";
			outputFileListPaths = (
			);
			outputPaths = (
				"$(DERIVED_FILE_DIR)/Pods-Swiftagram-checkManifestLockResult.txt",
			);
			runOnlyForDeploymentPostprocessing = 0;
			shellPath = /bin/sh;
			shellScript = "diff \"${PODS_PODFILE_DIR_PATH}/Podfile.lock\" \"${PODS_ROOT}/Manifest.lock\" > /dev/null\nif [ $? != 0 ] ; then\n    # print error to STDERR\n    echo \"error: The sandbox is not in sync with the Podfile.lock. Run 'pod install' or update your CocoaPods installation.\" >&2\n    exit 1\nfi\n# This output is used by Xcode 'outputs' to avoid re-running this script phase.\necho \"SUCCESS\" > \"${SCRIPT_OUTPUT_FILE_0}\"\n";
			showEnvVarsInLog = 0;
		};
/* End PBXShellScriptBuildPhase section */

/* Begin PBXSourcesBuildPhase section */
		02F94D82247A649000887DAD /* Sources */ = {
			isa = PBXSourcesBuildPhase;
			buildActionMask = 2147483647;
			files = (
				02F94D8E247A649000887DAD /* SignInViewController.swift in Sources */,
				02F94D8A247A649000887DAD /* AppDelegate.swift in Sources */,
				02F94DAD247AAF8400887DAD /* ProfileViewController.swift in Sources */,
				02DCEEF6247E490500AF1876 /* Post.swift in Sources */,
				02F94DA7247AAF6300887DAD /* DiscoverViewController.swift in Sources */,
				02F94D8C247A649000887DAD /* SceneDelegate.swift in Sources */,
				02B51340247C911600FD2087 /* AuthService.swift in Sources */,
				02F94DAB247AAF7A00887DAD /* ActivityViewController.swift in Sources */,
				02F94D9E247A780400887DAD /* Extensions.swift in Sources */,
				02F94DA9247AAF6F00887DAD /* CameraViewController.swift in Sources */,
				02F94DA3247A8B4D00887DAD /* SignUpViewController.swift in Sources */,
				02F94DA5247AAF5300887DAD /* HomeViewController.swift in Sources */,
			);
			runOnlyForDeploymentPostprocessing = 0;
		};
/* End PBXSourcesBuildPhase section */

/* Begin PBXVariantGroup section */
		02F94D8F247A649000887DAD /* Main.storyboard */ = {
			isa = PBXVariantGroup;
			children = (
				02F94D90247A649000887DAD /* Base */,
			);
			name = Main.storyboard;
			sourceTree = "<group>";
		};
		02F94D94247A649400887DAD /* LaunchScreen.storyboard */ = {
			isa = PBXVariantGroup;
			children = (
				02F94D95247A649400887DAD /* Base */,
			);
			name = LaunchScreen.storyboard;
			sourceTree = "<group>";
		};
/* End PBXVariantGroup section */

/* Begin XCBuildConfiguration section */
		02F94D98247A649400887DAD /* Debug */ = {
			isa = XCBuildConfiguration;
			buildSettings = {
				ALWAYS_SEARCH_USER_PATHS = NO;
				CLANG_ANALYZER_NONNULL = YES;
				CLANG_ANALYZER_NUMBER_OBJECT_CONVERSION = YES_AGGRESSIVE;
				CLANG_CXX_LANGUAGE_STANDARD = "gnu++14";
				CLANG_CXX_LIBRARY = "libc++";
				CLANG_ENABLE_MODULES = YES;
				CLANG_ENABLE_OBJC_ARC = YES;
				CLANG_ENABLE_OBJC_WEAK = YES;
				CLANG_WARN_BLOCK_CAPTURE_AUTORELEASING = YES;
				CLANG_WARN_BOOL_CONVERSION = YES;
				CLANG_WARN_COMMA = YES;
				CLANG_WARN_CONSTANT_CONVERSION = YES;
				CLANG_WARN_DEPRECATED_OBJC_IMPLEMENTATIONS = YES;
				CLANG_WARN_DIRECT_OBJC_ISA_USAGE = YES_ERROR;
				CLANG_WARN_DOCUMENTATION_COMMENTS = YES;
				CLANG_WARN_EMPTY_BODY = YES;
				CLANG_WARN_ENUM_CONVERSION = YES;
				CLANG_WARN_INFINITE_RECURSION = YES;
				CLANG_WARN_INT_CONVERSION = YES;
				CLANG_WARN_NON_LITERAL_NULL_CONVERSION = YES;
				CLANG_WARN_OBJC_IMPLICIT_RETAIN_SELF = YES;
				CLANG_WARN_OBJC_LITERAL_CONVERSION = YES;
				CLANG_WARN_OBJC_ROOT_CLASS = YES_ERROR;
				CLANG_WARN_RANGE_LOOP_ANALYSIS = YES;
				CLANG_WARN_STRICT_PROTOTYPES = YES;
				CLANG_WARN_SUSPICIOUS_MOVE = YES;
				CLANG_WARN_UNGUARDED_AVAILABILITY = YES_AGGRESSIVE;
				CLANG_WARN_UNREACHABLE_CODE = YES;
				CLANG_WARN__DUPLICATE_METHOD_MATCH = YES;
				COPY_PHASE_STRIP = NO;
				DEBUG_INFORMATION_FORMAT = dwarf;
				ENABLE_STRICT_OBJC_MSGSEND = YES;
				ENABLE_TESTABILITY = YES;
				GCC_C_LANGUAGE_STANDARD = gnu11;
				GCC_DYNAMIC_NO_PIC = NO;
				GCC_NO_COMMON_BLOCKS = YES;
				GCC_OPTIMIZATION_LEVEL = 0;
				GCC_PREPROCESSOR_DEFINITIONS = (
					"DEBUG=1",
					"$(inherited)",
				);
				GCC_WARN_64_TO_32_BIT_CONVERSION = YES;
				GCC_WARN_ABOUT_RETURN_TYPE = YES_ERROR;
				GCC_WARN_UNDECLARED_SELECTOR = YES;
				GCC_WARN_UNINITIALIZED_AUTOS = YES_AGGRESSIVE;
				GCC_WARN_UNUSED_FUNCTION = YES;
				GCC_WARN_UNUSED_VARIABLE = YES;
				IPHONEOS_DEPLOYMENT_TARGET = 13.5;
				MTL_ENABLE_DEBUG_INFO = INCLUDE_SOURCE;
				MTL_FAST_MATH = YES;
				ONLY_ACTIVE_ARCH = YES;
				SDKROOT = iphoneos;
				SWIFT_ACTIVE_COMPILATION_CONDITIONS = DEBUG;
				SWIFT_OPTIMIZATION_LEVEL = "-Onone";
			};
			name = Debug;
		};
		02F94D99247A649400887DAD /* Release */ = {
			isa = XCBuildConfiguration;
			buildSettings = {
				ALWAYS_SEARCH_USER_PATHS = NO;
				CLANG_ANALYZER_NONNULL = YES;
				CLANG_ANALYZER_NUMBER_OBJECT_CONVERSION = YES_AGGRESSIVE;
				CLANG_CXX_LANGUAGE_STANDARD = "gnu++14";
				CLANG_CXX_LIBRARY = "libc++";
				CLANG_ENABLE_MODULES = YES;
				CLANG_ENABLE_OBJC_ARC = YES;
				CLANG_ENABLE_OBJC_WEAK = YES;
				CLANG_WARN_BLOCK_CAPTURE_AUTORELEASING = YES;
				CLANG_WARN_BOOL_CONVERSION = YES;
				CLANG_WARN_COMMA = YES;
				CLANG_WARN_CONSTANT_CONVERSION = YES;
				CLANG_WARN_DEPRECATED_OBJC_IMPLEMENTATIONS = YES;
				CLANG_WARN_DIRECT_OBJC_ISA_USAGE = YES_ERROR;
				CLANG_WARN_DOCUMENTATION_COMMENTS = YES;
				CLANG_WARN_EMPTY_BODY = YES;
				CLANG_WARN_ENUM_CONVERSION = YES;
				CLANG_WARN_INFINITE_RECURSION = YES;
				CLANG_WARN_INT_CONVERSION = YES;
				CLANG_WARN_NON_LITERAL_NULL_CONVERSION = YES;
				CLANG_WARN_OBJC_IMPLICIT_RETAIN_SELF = YES;
				CLANG_WARN_OBJC_LITERAL_CONVERSION = YES;
				CLANG_WARN_OBJC_ROOT_CLASS = YES_ERROR;
				CLANG_WARN_RANGE_LOOP_ANALYSIS = YES;
				CLANG_WARN_STRICT_PROTOTYPES = YES;
				CLANG_WARN_SUSPICIOUS_MOVE = YES;
				CLANG_WARN_UNGUARDED_AVAILABILITY = YES_AGGRESSIVE;
				CLANG_WARN_UNREACHABLE_CODE = YES;
				CLANG_WARN__DUPLICATE_METHOD_MATCH = YES;
				COPY_PHASE_STRIP = NO;
				DEBUG_INFORMATION_FORMAT = "dwarf-with-dsym";
				ENABLE_NS_ASSERTIONS = NO;
				ENABLE_STRICT_OBJC_MSGSEND = YES;
				GCC_C_LANGUAGE_STANDARD = gnu11;
				GCC_NO_COMMON_BLOCKS = YES;
				GCC_WARN_64_TO_32_BIT_CONVERSION = YES;
				GCC_WARN_ABOUT_RETURN_TYPE = YES_ERROR;
				GCC_WARN_UNDECLARED_SELECTOR = YES;
				GCC_WARN_UNINITIALIZED_AUTOS = YES_AGGRESSIVE;
				GCC_WARN_UNUSED_FUNCTION = YES;
				GCC_WARN_UNUSED_VARIABLE = YES;
				IPHONEOS_DEPLOYMENT_TARGET = 13.5;
				MTL_ENABLE_DEBUG_INFO = NO;
				MTL_FAST_MATH = YES;
				SDKROOT = iphoneos;
				SWIFT_COMPILATION_MODE = wholemodule;
				SWIFT_OPTIMIZATION_LEVEL = "-O";
				VALIDATE_PRODUCT = YES;
			};
			name = Release;
		};
		02F94D9B247A649400887DAD /* Debug */ = {
			isa = XCBuildConfiguration;
			baseConfigurationReference = 19125ED6727BCC551F2EE657 /* Pods-Swiftagram.debug.xcconfig */;
			buildSettings = {
				ASSETCATALOG_COMPILER_APPICON_NAME = AppIcon;
				CLANG_ENABLE_MODULES = YES;
				CODE_SIGN_STYLE = Automatic;
				DEVELOPMENT_TEAM = 77BWS8985H;
				INFOPLIST_FILE = Swiftagram/Info.plist;
				IPHONEOS_DEPLOYMENT_TARGET = 11.0;
				LD_RUNPATH_SEARCH_PATHS = (
					"$(inherited)",
					"@executable_path/Frameworks",
				);
				PRODUCT_BUNDLE_IDENTIFIER = com.likhitgarimella.Swiftagram;
				PRODUCT_NAME = "$(TARGET_NAME)";
				SWIFT_OPTIMIZATION_LEVEL = "-Onone";
				SWIFT_VERSION = 5.0;
				TARGETED_DEVICE_FAMILY = 1;
			};
			name = Debug;
		};
		02F94D9C247A649400887DAD /* Release */ = {
			isa = XCBuildConfiguration;
			baseConfigurationReference = B35ABEC76131FCEE68BC62CC /* Pods-Swiftagram.release.xcconfig */;
			buildSettings = {
				ASSETCATALOG_COMPILER_APPICON_NAME = AppIcon;
				CLANG_ENABLE_MODULES = YES;
				CODE_SIGN_STYLE = Automatic;
				DEVELOPMENT_TEAM = 77BWS8985H;
				INFOPLIST_FILE = Swiftagram/Info.plist;
				IPHONEOS_DEPLOYMENT_TARGET = 11.0;
				LD_RUNPATH_SEARCH_PATHS = (
					"$(inherited)",
					"@executable_path/Frameworks",
				);
				PRODUCT_BUNDLE_IDENTIFIER = com.likhitgarimella.Swiftagram;
				PRODUCT_NAME = "$(TARGET_NAME)";
				SWIFT_VERSION = 5.0;
				TARGETED_DEVICE_FAMILY = 1;
			};
			name = Release;
		};
/* End XCBuildConfiguration section */

/* Begin XCConfigurationList section */
		02F94D81247A649000887DAD /* Build configuration list for PBXProject "Swiftagram" */ = {
			isa = XCConfigurationList;
			buildConfigurations = (
				02F94D98247A649400887DAD /* Debug */,
				02F94D99247A649400887DAD /* Release */,
			);
			defaultConfigurationIsVisible = 0;
			defaultConfigurationName = Release;
		};
		02F94D9A247A649400887DAD /* Build configuration list for PBXNativeTarget "Swiftagram" */ = {
			isa = XCConfigurationList;
			buildConfigurations = (
				02F94D9B247A649400887DAD /* Debug */,
				02F94D9C247A649400887DAD /* Release */,
			);
			defaultConfigurationIsVisible = 0;
			defaultConfigurationName = Release;
		};
/* End XCConfigurationList section */
	};
	rootObject = 02F94D7E247A649000887DAD /* Project object */;
}
